
Microsoft Visual Studio Solution File, Format Version 12.00
# Visual Studio Version 17
VisualStudioVersion = 17.5.33424.131
MinimumVisualStudioVersion = 10.0.40219.1
Project("{FAE04EC0-301F-11D3-BF4B-00C04F79EFBC}") = "AutoScout24_1_0", "AutoScout24_1_0\AutoScout24_1_0.csproj", "{AEF272B5-0C61-4311-94CF-72D027444E4F}"
EndProject
Project("{2150E333-8FDC-42A3-9474-1A3956D46DE8}") = "TC001_RefineSearch", "TC001_RefineSearch", "{63DD1351-D90E-4C91-875B-5850292AF53D}"
EndProject
Project("{FAE04EC0-301F-11D3-BF4B-00C04F79EFBC}") = "TC001_Rev1", "TC001_Rev1\TC001_Rev1.csproj", "{1C0AFAC8-6F5F-4911-8002-A5A1818F6F72}"
EndProject
Project("{2150E333-8FDC-42A3-9474-1A3956D46DE8}") = "TC002_SellMyTractor", "TC002_SellMyTractor", "{C08B90D1-D893-47CB-978B-3A5C3E6A857F}"
EndProject
Project("{FAE04EC0-301F-11D3-BF4B-00C04F79EFBC}") = "TC002_Rev1", "TC002_Rev1\TC002_Rev1.csproj", "{71A70470-956E-4FC2-9F93-CC7BFF3C77A7}"
EndProject
Project("{2150E333-8FDC-42A3-9474-1A3956D46DE8}") = "TC003_ScreenElementExampleInteractions", "TC003_ScreenElementExampleInteractions", "{81A4A7B0-7119-47D5-BDC8-51144E458BA6}"
EndProject
Project("{FAE04EC0-301F-11D3-BF4B-00C04F79EFBC}") = "TC003_Rev1", "TC003_Rev1\TC003_Rev1.csproj", "{C6D8B5F2-9B7D-491C-B041-ABD2CCD8B20E}"
EndProject
Project("{2150E333-8FDC-42A3-9474-1A3956D46DE8}") = "TC004_TestdataFromExcel", "TC004_TestdataFromExcel", "{8F106556-FB7F-4BD6-B325-2E15807468EB}"
EndProject
Project("{FAE04EC0-301F-11D3-BF4B-00C04F79EFBC}") = "TC004_Rev1", "TC004_Rev1\TC004_Rev1.csproj", "{4B9D9BAA-688B-487B-B4A0-FDEC78395899}"
EndProject
Project("{2150E333-8FDC-42A3-9474-1A3956D46DE8}") = "TC005_ReceiveAndVerifyEmail", "TC005_ReceiveAndVerifyEmail", "{8FC4B9DC-F705-48D4-84F3-6DF39800F80A}"
EndProject
Project("{FAE04EC0-301F-11D3-BF4B-00C04F79EFBC}") = "TC005_Rev1", "TC005_Rev1\TC005_Rev1.csproj", "{05710E23-7B73-49E9-85DB-E2E647282545}"
EndProject
Project("{FAE04EC0-301F-11D3-BF4B-00C04F79EFBC}") = "Windows_Win", "Windows_Win\Windows_Win.csproj", "{B843D182-D210-4DAA-BC38-D5FD67DA8960}"
EndProject
Project("{2150E333-8FDC-42A3-9474-1A3956D46DE8}") = "TC006__2FA", "TC006__2FA", "{32499BD0-0F93-4563-8C9A-E9341E11DF0C}"
EndProject
Project("{FAE04EC0-301F-11D3-BF4B-00C04F79EFBC}") = "TC006_Rev1", "TC006_Rev1\TC006_Rev1.csproj", "{C97A931A-422B-4DD8-9BDC-4EC1B3BBE34B}"
EndProject
Project("{2150E333-8FDC-42A3-9474-1A3956D46DE8}") = "TC007_PDFValidation", "TC007_PDFValidation", "{E0FC7A40-AB1E-4A7B-9667-DD93AFBD19EB}"
EndProject
Project("{FAE04EC0-301F-11D3-BF4B-00C04F79EFBC}") = "TC007_Rev1", "TC007_Rev1\TC007_Rev1.csproj", "{24440DB8-05E4-4980-B4A1-1DF966D9EA7F}"
EndProject
Global
	GlobalSection(SolutionConfigurationPlatforms) = preSolution
		Debug|Any CPU = Debug|Any CPU
		Release|Any CPU = Release|Any CPU
	EndGlobalSection
	GlobalSection(ProjectConfigurationPlatforms) = postSolution
		{AEF272B5-0C61-4311-94CF-72D027444E4F}.Debug|Any CPU.ActiveCfg = Debug|Any CPU
		{AEF272B5-0C61-4311-94CF-72D027444E4F}.Debug|Any CPU.Build.0 = Debug|Any CPU
		{AEF272B5-0C61-4311-94CF-72D027444E4F}.Release|Any CPU.ActiveCfg = Release|Any CPU
		{AEF272B5-0C61-4311-94CF-72D027444E4F}.Release|Any CPU.Build.0 = Release|Any CPU
		{1C0AFAC8-6F5F-4911-8002-A5A1818F6F72}.Debug|Any CPU.ActiveCfg = Debug|Any CPU
		{1C0AFAC8-6F5F-4911-8002-A5A1818F6F72}.Debug|Any CPU.Build.0 = Debug|Any CPU
		{1C0AFAC8-6F5F-4911-8002-A5A1818F6F72}.Release|Any CPU.ActiveCfg = Release|Any CPU
		{1C0AFAC8-6F5F-4911-8002-A5A1818F6F72}.Release|Any CPU.Build.0 = Release|Any CPU
		{71A70470-956E-4FC2-9F93-CC7BFF3C77A7}.Debug|Any CPU.ActiveCfg = Debug|Any CPU
		{71A70470-956E-4FC2-9F93-CC7BFF3C77A7}.Debug|Any CPU.Build.0 = Debug|Any CPU
		{71A70470-956E-4FC2-9F93-CC7BFF3C77A7}.Release|Any CPU.ActiveCfg = Release|Any CPU
		{71A70470-956E-4FC2-9F93-CC7BFF3C77A7}.Release|Any CPU.Build.0 = Release|Any CPU
		{C6D8B5F2-9B7D-491C-B041-ABD2CCD8B20E}.Debug|Any CPU.ActiveCfg = Debug|Any CPU
		{C6D8B5F2-9B7D-491C-B041-ABD2CCD8B20E}.Debug|Any CPU.Build.0 = Debug|Any CPU
		{C6D8B5F2-9B7D-491C-B041-ABD2CCD8B20E}.Release|Any CPU.ActiveCfg = Release|Any CPU
		{C6D8B5F2-9B7D-491C-B041-ABD2CCD8B20E}.Release|Any CPU.Build.0 = Release|Any CPU
		{4B9D9BAA-688B-487B-B4A0-FDEC78395899}.Debug|Any CPU.ActiveCfg = Debug|Any CPU
		{4B9D9BAA-688B-487B-B4A0-FDEC78395899}.Debug|Any CPU.Build.0 = Debug|Any CPU
		{4B9D9BAA-688B-487B-B4A0-FDEC78395899}.Release|Any CPU.ActiveCfg = Release|Any CPU
		{4B9D9BAA-688B-487B-B4A0-FDEC78395899}.Release|Any CPU.Build.0 = Release|Any CPU
		{05710E23-7B73-49E9-85DB-E2E647282545}.Debug|Any CPU.ActiveCfg = Debug|Any CPU
		{05710E23-7B73-49E9-85DB-E2E647282545}.Debug|Any CPU.Build.0 = Debug|Any CPU
		{05710E23-7B73-49E9-85DB-E2E647282545}.Release|Any CPU.ActiveCfg = Release|Any CPU
		{05710E23-7B73-49E9-85DB-E2E647282545}.Release|Any CPU.Build.0 = Release|Any CPU
		{B843D182-D210-4DAA-BC38-D5FD67DA8960}.Debug|Any CPU.ActiveCfg = Debug|Any CPU
		{B843D182-D210-4DAA-BC38-D5FD67DA8960}.Debug|Any CPU.Build.0 = Debug|Any CPU
		{B843D182-D210-4DAA-BC38-D5FD67DA8960}.Release|Any CPU.ActiveCfg = Release|Any CPU
		{B843D182-D210-4DAA-BC38-D5FD67DA8960}.Release|Any CPU.Build.0 = Release|Any CPU
		{C97A931A-422B-4DD8-9BDC-4EC1B3BBE34B}.Debug|Any CPU.ActiveCfg = Debug|Any CPU
		{C97A931A-422B-4DD8-9BDC-4EC1B3BBE34B}.Debug|Any CPU.Build.0 = Debug|Any CPU
		{C97A931A-422B-4DD8-9BDC-4EC1B3BBE34B}.Release|Any CPU.ActiveCfg = Release|Any CPU
		{C97A931A-422B-4DD8-9BDC-4EC1B3BBE34B}.Release|Any CPU.Build.0 = Release|Any CPU
		{24440DB8-05E4-4980-B4A1-1DF966D9EA7F}.Debug|Any CPU.ActiveCfg = Debug|Any CPU
		{24440DB8-05E4-4980-B4A1-1DF966D9EA7F}.Debug|Any CPU.Build.0 = Debug|Any CPU
		{24440DB8-05E4-4980-B4A1-1DF966D9EA7F}.Release|Any CPU.ActiveCfg = Release|Any CPU
		{24440DB8-05E4-4980-B4A1-1DF966D9EA7F}.Release|Any CPU.Build.0 = Release|Any CPU
	EndGlobalSection
	GlobalSection(SolutionProperties) = preSolution
		HideSolutionNode = FALSE
	EndGlobalSection
	GlobalSection(NestedProjects) = preSolution
		{1C0AFAC8-6F5F-4911-8002-A5A1818F6F72} = {63DD1351-D90E-4C91-875B-5850292AF53D}
		{71A70470-956E-4FC2-9F93-CC7BFF3C77A7} = {C08B90D1-D893-47CB-978B-3A5C3E6A857F}
		{C6D8B5F2-9B7D-491C-B041-ABD2CCD8B20E} = {81A4A7B0-7119-47D5-BDC8-51144E458BA6}
		{4B9D9BAA-688B-487B-B4A0-FDEC78395899} = {8F106556-FB7F-4BD6-B325-2E15807468EB}
		{05710E23-7B73-49E9-85DB-E2E647282545} = {8FC4B9DC-F705-48D4-84F3-6DF39800F80A}
		{C97A931A-422B-4DD8-9BDC-4EC1B3BBE34B} = {32499BD0-0F93-4563-8C9A-E9341E11DF0C}
		{24440DB8-05E4-4980-B4A1-1DF966D9EA7F} = {E0FC7A40-AB1E-4A7B-9667-DD93AFBD19EB}
	EndGlobalSection
	GlobalSection(ExtensibilityGlobals) = postSolution
		SolutionGuid = {693F65AC-295B-42CC-A7EF-9E6C5E6842DD}
	EndGlobalSection
EndGlobal
